
Microsoft Visual Studio Solution File, Format Version 12.00
# Visual Studio Version 16
VisualStudioVersion = 16.0.33423.256
MinimumVisualStudioVersion = 10.0.40219.1
Project("{FAE04EC0-301F-11D3-BF4B-00C04F79EFBC}") = "project_GUI", "project_GUI.csproj", "{A1EB5B9E-CD08-4AEC-B6D1-E7D61DE8AD1F}"
EndProject
Global
	GlobalSection(SolutionConfigurationPlatforms) = preSolution
		Debug|Any CPU = Debug|Any CPU
		Release|Any CPU = Release|Any CPU
	EndGlobalSection
	GlobalSection(ProjectConfigurationPlatforms) = postSolution
		{A1EB5B9E-CD08-4AEC-B6D1-E7D61DE8AD1F}.Debug|Any CPU.ActiveCfg = Debug|Any CPU
		{A1EB5B9E-CD08-4AEC-B6D1-E7D61DE8AD1F}.Debug|Any CPU.Build.0 = Debug|Any CPU
		{A1EB5B9E-CD08-4AEC-B6D1-E7D61DE8AD1F}.Release|Any CPU.ActiveCfg = Release|Any CPU
		{A1EB5B9E-CD08-4AEC-B6D1-E7D61DE8AD1F}.Release|Any CPU.Build.0 = Release|Any CPU
	EndGlobalSection
	GlobalSection(SolutionProperties) = preSolution
		HideSolutionNode = FALSE
	EndGlobalSection
	GlobalSection(ExtensibilityGlobals) = postSolution
		SolutionGuid = {95FB70F9-AD89-440B-B9A2-BB14A81867FA}
	EndGlobalSection
EndGlobal
